# THIS IS AN AUTOGENERATED FILE. DO NOT EDIT THIS FILE DIRECTLY.
# yarn lockfile v1


"dijkstrajs@^1.0.2":
  "integrity" "sha512-QV6PMaHTCNmKSeP6QoXhVTw9snc9VD8MulTT0Bd99Pacp4SS1cjcrYPgBPmibqKVtMJJfqC6XvOXgPMEEPH/fg=="
  "resolved" "https://registry.npmjs.org/dijkstrajs/-/dijkstrajs-1.0.2.tgz"
  "version" "1.0.2"

"dot-env@0.0.1":
  "integrity" "sha1-5ENMuMaRQ+RFvCinKUN+T6vYjIA="
  "resolved" "https://registry.npmjs.org/dot-env/-/dot-env-0.0.1.tgz"
  "version" "0.0.1"

"dotenv@^10.0.0":
  "integrity" "sha512-rlBi9d8jpv9Sf1klPjNfFAuWDjKLwTIJJ/VxtoTwIR6hnZxcEOQCZg2oIL3MWBYw5GpUDKOEnND7LXTbIpQ03Q=="
  "resolved" "https://registry.npmjs.org/dotenv/-/dotenv-10.0.0.tgz"
  "version" "10.0.0"

"fifo-array@^0.1.2":
  "integrity" "sha512-gMi7TQVA3LESzY45AoHqwzSEfaZdv9TluyqEFWwL84e/NpV4mhCa7cbfo38JYirJM/OwFgBZd4bVSEKliZPmTA=="
  "resolved" "https://registry.npmjs.org/fifo-array/-/fifo-array-0.1.2.tgz"
  "version" "0.1.2"

"lodash@^4.17.15":
  "integrity" "sha512-8xOcRHvCjnocdS5cpwXQXVzmmh5e5+saE2QGoeQmbKmRS6J3VQppPOIt0MnmE+4xlZoumy0GPG0D0MVIQbNA1A=="
  "resolved" "https://registry.npmjs.org/lodash/-/lodash-4.17.15.tgz"
  "version" "4.17.15"
